
Microsoft Visual Studio Solution File, Format Version 12.00
# Visual Studio Version 17
VisualStudioVersion = 17.1.32120.378
MinimumVisualStudioVersion = 10.0.40219.1
Project("{FAE04EC0-301F-11D3-BF4B-00C04F79EFBC}") = "ContentControlTemplateSelector", "ContentControlTemplateSelector\ContentControlTemplateSelector.csproj", "{221CB40D-31E9-40E3-988A-A401DD8FA882}"
EndProject
Project("{9A19103F-16F7-4668-BE54-9A1E7A4F7556}") = "MauiWinUICrash", "MauiWinUICrash\MauiWinUICrash.csproj", "{EAC6EA84-D807-489D-9E8E-58D376364404}"
EndProject
Project("{FAE04EC0-301F-11D3-BF4B-00C04F79EFBC}") = "MvvmToolkitSourceGen", "MvvmToolkitSourceGen\MvvmToolkitSourceGen.csproj", "{A7BC7B89-6669-4EE5-B31C-3B6AA0A1A317}"
EndProject
Project("{FAE04EC0-301F-11D3-BF4B-00C04F79EFBC}") = "ConsoleApp1", "ConsoleApp1\ConsoleApp1.csproj", "{FB2E4847-E846-4378-AF65-1B2E6980939A}"
EndProject
Global
	GlobalSection(SolutionConfigurationPlatforms) = preSolution
		Debug|Any CPU = Debug|Any CPU
		Debug|ARM = Debug|ARM
		Debug|ARM64 = Debug|ARM64
		Debug|x64 = Debug|x64
		Debug|x86 = Debug|x86
		Release|Any CPU = Release|Any CPU
		Release|ARM = Release|ARM
		Release|ARM64 = Release|ARM64
		Release|x64 = Release|x64
		Release|x86 = Release|x86
	EndGlobalSection
	GlobalSection(ProjectConfigurationPlatforms) = postSolution
		{221CB40D-31E9-40E3-988A-A401DD8FA882}.Debug|Any CPU.ActiveCfg = Debug|x64
		{221CB40D-31E9-40E3-988A-A401DD8FA882}.Debug|Any CPU.Build.0 = Debug|x64
		{221CB40D-31E9-40E3-988A-A401DD8FA882}.Debug|Any CPU.Deploy.0 = Debug|x64
		{221CB40D-31E9-40E3-988A-A401DD8FA882}.Debug|ARM.ActiveCfg = Debug|ARM
		{221CB40D-31E9-40E3-988A-A401DD8FA882}.Debug|ARM.Build.0 = Debug|ARM
		{221CB40D-31E9-40E3-988A-A401DD8FA882}.Debug|ARM.Deploy.0 = Debug|ARM
		{221CB40D-31E9-40E3-988A-A401DD8FA882}.Debug|ARM64.ActiveCfg = Debug|ARM64
		{221CB40D-31E9-40E3-988A-A401DD8FA882}.Debug|ARM64.Build.0 = Debug|ARM64
		{221CB40D-31E9-40E3-988A-A401DD8FA882}.Debug|ARM64.Deploy.0 = Debug|ARM64
		{221CB40D-31E9-40E3-988A-A401DD8FA882}.Debug|x64.ActiveCfg = Debug|x64
		{221CB40D-31E9-40E3-988A-A401DD8FA882}.Debug|x64.Build.0 = Debug|x64
		{221CB40D-31E9-40E3-988A-A401DD8FA882}.Debug|x64.Deploy.0 = Debug|x64
		{221CB40D-31E9-40E3-988A-A401DD8FA882}.Debug|x86.ActiveCfg = Debug|x86
		{221CB40D-31E9-40E3-988A-A401DD8FA882}.Debug|x86.Build.0 = Debug|x86
		{221CB40D-31E9-40E3-988A-A401DD8FA882}.Debug|x86.Deploy.0 = Debug|x86
		{221CB40D-31E9-40E3-988A-A401DD8FA882}.Release|Any CPU.ActiveCfg = Release|x64
		{221CB40D-31E9-40E3-988A-A401DD8FA882}.Release|Any CPU.Build.0 = Release|x64
		{221CB40D-31E9-40E3-988A-A401DD8FA882}.Release|Any CPU.Deploy.0 = Release|x64
		{221CB40D-31E9-40E3-988A-A401DD8FA882}.Release|ARM.ActiveCfg = Release|ARM
		{221CB40D-31E9-40E3-988A-A401DD8FA882}.Release|ARM.Build.0 = Release|ARM
		{221CB40D-31E9-40E3-988A-A401DD8FA882}.Release|ARM.Deploy.0 = Release|ARM
		{221CB40D-31E9-40E3-988A-A401DD8FA882}.Release|ARM64.ActiveCfg = Release|ARM64
		{221CB40D-31E9-40E3-988A-A401DD8FA882}.Release|ARM64.Build.0 = Release|ARM64
		{221CB40D-31E9-40E3-988A-A401DD8FA882}.Release|ARM64.Deploy.0 = Release|ARM64
		{221CB40D-31E9-40E3-988A-A401DD8FA882}.Release|x64.ActiveCfg = Release|x64
		{221CB40D-31E9-40E3-988A-A401DD8FA882}.Release|x64.Build.0 = Release|x64
		{221CB40D-31E9-40E3-988A-A401DD8FA882}.Release|x64.Deploy.0 = Release|x64
		{221CB40D-31E9-40E3-988A-A401DD8FA882}.Release|x86.ActiveCfg = Release|x86
		{221CB40D-31E9-40E3-988A-A401DD8FA882}.Release|x86.Build.0 = Release|x86
		{221CB40D-31E9-40E3-988A-A401DD8FA882}.Release|x86.Deploy.0 = Release|x86
		{EAC6EA84-D807-489D-9E8E-58D376364404}.Debug|Any CPU.ActiveCfg = Debug|Any CPU
		{EAC6EA84-D807-489D-9E8E-58D376364404}.Debug|Any CPU.Build.0 = Debug|Any CPU
		{EAC6EA84-D807-489D-9E8E-58D376364404}.Debug|Any CPU.Deploy.0 = Debug|Any CPU
		{EAC6EA84-D807-489D-9E8E-58D376364404}.Debug|ARM.ActiveCfg = Debug|Any CPU
		{EAC6EA84-D807-489D-9E8E-58D376364404}.Debug|ARM.Build.0 = Debug|Any CPU
		{EAC6EA84-D807-489D-9E8E-58D376364404}.Debug|ARM.Deploy.0 = Debug|Any CPU
		{EAC6EA84-D807-489D-9E8E-58D376364404}.Debug|ARM64.ActiveCfg = Debug|Any CPU
		{EAC6EA84-D807-489D-9E8E-58D376364404}.Debug|ARM64.Build.0 = Debug|Any CPU
		{EAC6EA84-D807-489D-9E8E-58D376364404}.Debug|ARM64.Deploy.0 = Debug|Any CPU
		{EAC6EA84-D807-489D-9E8E-58D376364404}.Debug|x64.ActiveCfg = Debug|Any CPU
		{EAC6EA84-D807-489D-9E8E-58D376364404}.Debug|x64.Build.0 = Debug|Any CPU
		{EAC6EA84-D807-489D-9E8E-58D376364404}.Debug|x64.Deploy.0 = Debug|Any CPU
		{EAC6EA84-D807-489D-9E8E-58D376364404}.Debug|x86.ActiveCfg = Debug|Any CPU
		{EAC6EA84-D807-489D-9E8E-58D376364404}.Debug|x86.Build.0 = Debug|Any CPU
		{EAC6EA84-D807-489D-9E8E-58D376364404}.Debug|x86.Deploy.0 = Debug|Any CPU
		{EAC6EA84-D807-489D-9E8E-58D376364404}.Release|Any CPU.ActiveCfg = Release|Any CPU
		{EAC6EA84-D807-489D-9E8E-58D376364404}.Release|Any CPU.Build.0 = Release|Any CPU
		{EAC6EA84-D807-489D-9E8E-58D376364404}.Release|Any CPU.Deploy.0 = Release|Any CPU
		{EAC6EA84-D807-489D-9E8E-58D376364404}.Release|ARM.ActiveCfg = Release|Any CPU
		{EAC6EA84-D807-489D-9E8E-58D376364404}.Release|ARM.Build.0 = Release|Any CPU
		{EAC6EA84-D807-489D-9E8E-58D376364404}.Release|ARM.Deploy.0 = Release|Any CPU
		{EAC6EA84-D807-489D-9E8E-58D376364404}.Release|ARM64.ActiveCfg = Release|Any CPU
		{EAC6EA84-D807-489D-9E8E-58D376364404}.Release|ARM64.Build.0 = Release|Any CPU
		{EAC6EA84-D807-489D-9E8E-58D376364404}.Release|ARM64.Deploy.0 = Release|Any CPU
		{EAC6EA84-D807-489D-9E8E-58D376364404}.Release|x64.ActiveCfg = Release|Any CPU
		{EAC6EA84-D807-489D-9E8E-58D376364404}.Release|x64.Build.0 = Release|Any CPU
		{EAC6EA84-D807-489D-9E8E-58D376364404}.Release|x64.Deploy.0 = Release|Any CPU
		{EAC6EA84-D807-489D-9E8E-58D376364404}.Release|x86.ActiveCfg = Release|Any CPU
		{EAC6EA84-D807-489D-9E8E-58D376364404}.Release|x86.Build.0 = Release|Any CPU
		{EAC6EA84-D807-489D-9E8E-58D376364404}.Release|x86.Deploy.0 = Release|Any CPU
		{A7BC7B89-6669-4EE5-B31C-3B6AA0A1A317}.Debug|Any CPU.ActiveCfg = Debug|Any CPU
		{A7BC7B89-6669-4EE5-B31C-3B6AA0A1A317}.Debug|Any CPU.Build.0 = Debug|Any CPU
		{A7BC7B89-6669-4EE5-B31C-3B6AA0A1A317}.Debug|ARM.ActiveCfg = Debug|Any CPU
		{A7BC7B89-6669-4EE5-B31C-3B6AA0A1A317}.Debug|ARM.Build.0 = Debug|Any CPU
		{A7BC7B89-6669-4EE5-B31C-3B6AA0A1A317}.Debug|ARM64.ActiveCfg = Debug|Any CPU
		{A7BC7B89-6669-4EE5-B31C-3B6AA0A1A317}.Debug|ARM64.Build.0 = Debug|Any CPU
		{A7BC7B89-6669-4EE5-B31C-3B6AA0A1A317}.Debug|x64.ActiveCfg = Debug|Any CPU
		{A7BC7B89-6669-4EE5-B31C-3B6AA0A1A317}.Debug|x64.Build.0 = Debug|Any CPU
		{A7BC7B89-6669-4EE5-B31C-3B6AA0A1A317}.Debug|x86.ActiveCfg = Debug|Any CPU
		{A7BC7B89-6669-4EE5-B31C-3B6AA0A1A317}.Debug|x86.Build.0 = Debug|Any CPU
		{A7BC7B89-6669-4EE5-B31C-3B6AA0A1A317}.Release|Any CPU.ActiveCfg = Release|Any CPU
		{A7BC7B89-6669-4EE5-B31C-3B6AA0A1A317}.Release|Any CPU.Build.0 = Release|Any CPU
		{A7BC7B89-6669-4EE5-B31C-3B6AA0A1A317}.Release|ARM.ActiveCfg = Release|Any CPU
		{A7BC7B89-6669-4EE5-B31C-3B6AA0A1A317}.Release|ARM.Build.0 = Release|Any CPU
		{A7BC7B89-6669-4EE5-B31C-3B6AA0A1A317}.Release|ARM64.ActiveCfg = Release|Any CPU
		{A7BC7B89-6669-4EE5-B31C-3B6AA0A1A317}.Release|ARM64.Build.0 = Release|Any CPU
		{A7BC7B89-6669-4EE5-B31C-3B6AA0A1A317}.Release|x64.ActiveCfg = Release|Any CPU
		{A7BC7B89-6669-4EE5-B31C-3B6AA0A1A317}.Release|x64.Build.0 = Release|Any CPU
		{A7BC7B89-6669-4EE5-B31C-3B6AA0A1A317}.Release|x86.ActiveCfg = Release|Any CPU
		{A7BC7B89-6669-4EE5-B31C-3B6AA0A1A317}.Release|x86.Build.0 = Release|Any CPU
		{FB2E4847-E846-4378-AF65-1B2E6980939A}.Debug|Any CPU.ActiveCfg = Debug|Any CPU
		{FB2E4847-E846-4378-AF65-1B2E6980939A}.Debug|Any CPU.Build.0 = Debug|Any CPU
		{FB2E4847-E846-4378-AF65-1B2E6980939A}.Debug|ARM.ActiveCfg = Debug|Any CPU
		{FB2E4847-E846-4378-AF65-1B2E6980939A}.Debug|ARM.Build.0 = Debug|Any CPU
		{FB2E4847-E846-4378-AF65-1B2E6980939A}.Debug|ARM64.ActiveCfg = Debug|Any CPU
		{FB2E4847-E846-4378-AF65-1B2E6980939A}.Debug|ARM64.Build.0 = Debug|Any CPU
		{FB2E4847-E846-4378-AF65-1B2E6980939A}.Debug|x64.ActiveCfg = Debug|Any CPU
		{FB2E4847-E846-4378-AF65-1B2E6980939A}.Debug|x64.Build.0 = Debug|Any CPU
		{FB2E4847-E846-4378-AF65-1B2E6980939A}.Debug|x86.ActiveCfg = Debug|Any CPU
		{FB2E4847-E846-4378-AF65-1B2E6980939A}.Debug|x86.Build.0 = Debug|Any CPU
		{FB2E4847-E846-4378-AF65-1B2E6980939A}.Release|Any CPU.ActiveCfg = Release|Any CPU
		{FB2E4847-E846-4378-AF65-1B2E6980939A}.Release|Any CPU.Build.0 = Release|Any CPU
		{FB2E4847-E846-4378-AF65-1B2E6980939A}.Release|ARM.ActiveCfg = Release|Any CPU
		{FB2E4847-E846-4378-AF65-1B2E6980939A}.Release|ARM.Build.0 = Release|Any CPU
		{FB2E4847-E846-4378-AF65-1B2E6980939A}.Release|ARM64.ActiveCfg = Release|Any CPU
		{FB2E4847-E846-4378-AF65-1B2E6980939A}.Release|ARM64.Build.0 = Release|Any CPU
		{FB2E4847-E846-4378-AF65-1B2E6980939A}.Release|x64.ActiveCfg = Release|Any CPU
		{FB2E4847-E846-4378-AF65-1B2E6980939A}.Release|x64.Build.0 = Release|Any CPU
		{FB2E4847-E846-4378-AF65-1B2E6980939A}.Release|x86.ActiveCfg = Release|Any CPU
		{FB2E4847-E846-4378-AF65-1B2E6980939A}.Release|x86.Build.0 = Release|Any CPU
	EndGlobalSection
	GlobalSection(SolutionProperties) = preSolution
		HideSolutionNode = FALSE
	EndGlobalSection
	GlobalSection(ExtensibilityGlobals) = postSolution
		SolutionGuid = {EC7453B7-CA24-442F-BA5A-CEA25B2BD73B}
	EndGlobalSection
EndGlobal
